
Microsoft Visual Studio Solution File, Format Version 12.00
# Visual Studio Version 17
VisualStudioVersion = 17.13.35931.197 d17.13
MinimumVisualStudioVersion = 10.0.40219.1
Project("{FAE04EC0-301F-11D3-BF4B-00C04F79EFBC}") = "DotNet_API", "DotNet_API.csproj", "{FDB6869A-A9BC-4800-9BE1-1131CB646E29}"
EndProject
Global
	GlobalSection(SolutionConfigurationPlatforms) = preSolution
		Debug|Any CPU = Debug|Any CPU
		Release|Any CPU = Release|Any CPU
	EndGlobalSection
	GlobalSection(ProjectConfigurationPlatforms) = postSolution
		{FDB6869A-A9BC-4800-9BE1-1131CB646E29}.Debug|Any CPU.ActiveCfg = Debug|Any CPU
		{FDB6869A-A9BC-4800-9BE1-1131CB646E29}.Debug|Any CPU.Build.0 = Debug|Any CPU
		{FDB6869A-A9BC-4800-9BE1-1131CB646E29}.Release|Any CPU.ActiveCfg = Release|Any CPU
		{FDB6869A-A9BC-4800-9BE1-1131CB646E29}.Release|Any CPU.Build.0 = Release|Any CPU
	EndGlobalSection
	GlobalSection(SolutionProperties) = preSolution
		HideSolutionNode = FALSE
	EndGlobalSection
	GlobalSection(ExtensibilityGlobals) = postSolution
		SolutionGuid = {E0A0B23A-E557-47C3-AFDA-72B66F4271A6}
	EndGlobalSection
EndGlobal
